
Microsoft Visual Studio Solution File, Format Version 12.00
# Visual Studio Version 16
VisualStudioVersion = 16.0.31501.217
MinimumVisualStudioVersion = 10.0.40219.1
Project("{9A19103F-16F7-4668-BE54-9A1E7A4F7556}") = "MOECSREP.POC.Auth", "MOECSREP.POC.Auth\MOECSREP.POC.Auth.csproj", "{D4DC69FA-2D94-4D52-B769-F28D1875F95A}"
EndProject
Global
	GlobalSection(SolutionConfigurationPlatforms) = preSolution
		Debug|Any CPU = Debug|Any CPU
		Release|Any CPU = Release|Any CPU
	EndGlobalSection
	GlobalSection(ProjectConfigurationPlatforms) = postSolution
		{D4DC69FA-2D94-4D52-B769-F28D1875F95A}.Debug|Any CPU.ActiveCfg = Debug|Any CPU
		{D4DC69FA-2D94-4D52-B769-F28D1875F95A}.Debug|Any CPU.Build.0 = Debug|Any CPU
		{D4DC69FA-2D94-4D52-B769-F28D1875F95A}.Release|Any CPU.ActiveCfg = Release|Any CPU
		{D4DC69FA-2D94-4D52-B769-F28D1875F95A}.Release|Any CPU.Build.0 = Release|Any CPU
	EndGlobalSection
	GlobalSection(SolutionProperties) = preSolution
		HideSolutionNode = FALSE
	EndGlobalSection
	GlobalSection(ExtensibilityGlobals) = postSolution
		SolutionGuid = {E016D63B-5087-4FDE-958C-D55929177A76}
	EndGlobalSection
EndGlobal
